{
    "_readme": [
        "This file locks the dependencies of your project to a known state",
        "Read more about it at https://getcomposer.org/doc/01-basic-usage.md#composer-lock-the-lock-file",
        "This file is @generated automatically"
    ],
    "hash": "1fcab8265b453d539b7a8907ef539b7a",
    "content-hash": "827530828f24eb3bb93febf3b5ecff31",
    "packages": [
        {
            "name": "eher/phpwatch",
            "version": "1.5",
            "source": {
                "type": "git",
                "url": "https://github.com/EHER/phpwatch.git",
                "reference": "b3127da5b8dd6936b6a2c339c106391993e6a91f"
            },
            "dist": {
                "type": "zip",
                "url": "https://api.github.com/repos/EHER/phpwatch/zipball/b3127da5b8dd6936b6a2c339c106391993e6a91f",
                "reference": "b3127da5b8dd6936b6a2c339c106391993e6a91f",
                "shasum": ""
            },
            "require": {
                "maximebf/consolekit": "1.0.3",
                "symfony/finder": "2.1.4"
            },
            "require-dev": {
                "behat/behat": "2.4.4"
            },
            "bin": [
                "bin/phpwatch"
            ],
            "type": "library",
            "autoload": {
                "psr-0": {
                    "Eher\\PHPWatch": "src/"
                }
            },
            "notification-url": "https://packagist.org/downloads/",
            "license": [
                "BSD-3-Clause"
            ],
            "authors": [
                {
                    "name": "Eher",
                    "email": "alexandre@eher.com.br"
                }
            ],
            "description": "Command line client that allow you to run arbitrary shell commands whenever changes occur in a list of specified files",
            "time": "2013-11-20 15:59:56"
        },
        {
            "name": "maximebf/consolekit",
            "version": "1.0.3",
            "source": {
                "type": "git",
                "url": "https://github.com/maximebf/ConsoleKit.git",
                "reference": "c46403e2cf98e8413168c523bdbb7c13a386abe5"
            },
            "dist": {
                "type": "zip",
                "url": "https://api.github.com/repos/maximebf/ConsoleKit/zipball/c46403e2cf98e8413168c523bdbb7c13a386abe5",
                "reference": "c46403e2cf98e8413168c523bdbb7c13a386abe5",
                "shasum": ""
            },
            "require": {
                "php": ">=5.3.0"
            },
            "type": "library",
            "autoload": {
                "psr-0": {
                    "ConsoleKit": "src/"
                }
            },
            "notification-url": "https://packagist.org/downloads/",
            "license": [
                "MIT"
            ],
            "authors": [
                {
                    "name": "Maxime Bouroumeau-Fuseau",
                    "email": "maxime.bouroumeau@gmail.com",
                    "homepage": "http://maximebf.com"
                }
            ],
            "description": "Library to create command line utilities",
            "homepage": "https://github.com/maximebf/ConsoleKit",
            "keywords": [
                "cli",
                "commands",
                "console",
                "shell"
            ],
            "time": "2013-01-01 16:03:55"
        },
        {
            "name": "symfony/finder",
            "version": "v2.1.4",
            "target-dir": "Symfony/Component/Finder",
            "source": {
                "type": "git",
                "url": "https://github.com/symfony/finder.git",
                "reference": "24e814560125249010dd08717f4d17079c061e98"
            },
            "dist": {
                "type": "zip",
                "url": "https://api.github.com/repos/symfony/finder/zipball/24e814560125249010dd08717f4d17079c061e98",
                "reference": "24e814560125249010dd08717f4d17079c061e98",
                "shasum": ""
            },
            "require": {
                "php": ">=5.3.3"
            },
            "type": "library",
            "extra": {
                "branch-alias": {
                    "dev-master": "2.1-dev"
                }
            },
            "autoload": {
                "psr-0": {
                    "Symfony\\Component\\Finder": ""
                }
            },
            "notification-url": "https://packagist.org/downloads/",
            "license": [
                "MIT"
            ],
            "authors": [
                {
                    "name": "Symfony Community",
                    "homepage": "http://symfony.com/contributors"
                },
                {
                    "name": "Fabien Potencier",
                    "email": "fabien@symfony.com"
                }
            ],
            "description": "Symfony Finder Component",
            "homepage": "http://symfony.com",
            "time": "2012-11-08 09:51:48"
        }
    ],
    "packages-dev": [],
    "aliases": [],
    "minimum-stability": "stable",
    "stability-flags": [],
    "prefer-stable": false,
    "prefer-lowest": false,
    "platform": [],
    "platform-dev": []
}
